// !$*UTF8*$!
{
	archiveVersion = 1;
	classes = {
	};
	objectVersion = 56;
	objects = {

/* Begin PBXBuildFile section */
		9F8695B92AC2E5F40071773A /* ProductsListSwiftUIApp.swift in Sources */ = {isa = PBXBuildFile; fileRef = 9F8695B82AC2E5F40071773A /* ProductsListSwiftUIApp.swift */; };
		9F8695BB2AC2E5F40071773A /* ProductsListView.swift in Sources */ = {isa = PBXBuildFile; fileRef = 9F8695BA2AC2E5F40071773A /* ProductsListView.swift */; };
		9F8695BD2AC2E5F70071773A /* Assets.xcassets in Resources */ = {isa = PBXBuildFile; fileRef = 9F8695BC2AC2E5F70071773A /* Assets.xcassets */; };
		9F8695C02AC2E5F70071773A /* Preview Assets.xcassets in Resources */ = {isa = PBXBuildFile; fileRef = 9F8695BF2AC2E5F70071773A /* Preview Assets.xcassets */; };
		9F8695CC2AC2FA000071773A /* Products.swift in Sources */ = {isa = PBXBuildFile; fileRef = 9F8695CB2AC2FA000071773A /* Products.swift */; };
		9F8695CE2AC2FAA90071773A /* NetworkingManager.swift in Sources */ = {isa = PBXBuildFile; fileRef = 9F8695CD2AC2FAA90071773A /* NetworkingManager.swift */; };
		9F8695D02AC2FABE0071773A /* NetworkingError.swift in Sources */ = {isa = PBXBuildFile; fileRef = 9F8695CF2AC2FABE0071773A /* NetworkingError.swift */; };
		9F8695D22AC308AB0071773A /* ProductsListViewModel.swift in Sources */ = {isa = PBXBuildFile; fileRef = 9F8695D12AC308AB0071773A /* ProductsListViewModel.swift */; };
		9F8695D42AC309FF0071773A /* ProductsRow.swift in Sources */ = {isa = PBXBuildFile; fileRef = 9F8695D32AC309FF0071773A /* ProductsRow.swift */; };
		9F8695D62AC315970071773A /* ServerErrorAlert.swift in Sources */ = {isa = PBXBuildFile; fileRef = 9F8695D52AC315970071773A /* ServerErrorAlert.swift */; };
		9F8695D82AC316D50071773A /* AlertMessage.swift in Sources */ = {isa = PBXBuildFile; fileRef = 9F8695D72AC316D50071773A /* AlertMessage.swift */; };
		9F8695DA2AC320870071773A /* ProductsLoadingView.swift in Sources */ = {isa = PBXBuildFile; fileRef = 9F8695D92AC320870071773A /* ProductsLoadingView.swift */; };
		9F8695DC2AC478630071773A /* ProductsDetailView.swift in Sources */ = {isa = PBXBuildFile; fileRef = 9F8695DB2AC478630071773A /* ProductsDetailView.swift */; };
		9F8695DF2AC94C4E0071773A /* Double.swift in Sources */ = {isa = PBXBuildFile; fileRef = 9F8695DE2AC94C4E0071773A /* Double.swift */; };
		9F8695E12AC94F440071773A /* Int.swift in Sources */ = {isa = PBXBuildFile; fileRef = 9F8695E02AC94F440071773A /* Int.swift */; };
/* End PBXBuildFile section */

/* Begin PBXFileReference section */
		9F8695B52AC2E5F40071773A /* ProductsListSwiftUIApp.app */ = {isa = PBXFileReference; explicitFileType = wrapper.application; includeInIndex = 0; path = ProductsListSwiftUIApp.app; sourceTree = BUILT_PRODUCTS_DIR; };
		9F8695B82AC2E5F40071773A /* ProductsListSwiftUIApp.swift */ = {isa = PBXFileReference; lastKnownFileType = sourcecode.swift; path = ProductsListSwiftUIApp.swift; sourceTree = "<group>"; };
		9F8695BA2AC2E5F40071773A /* ProductsListView.swift */ = {isa = PBXFileReference; lastKnownFileType = sourcecode.swift; path = ProductsListView.swift; sourceTree = "<group>"; };
		9F8695BC2AC2E5F70071773A /* Assets.xcassets */ = {isa = PBXFileReference; lastKnownFileType = folder.assetcatalog; path = Assets.xcassets; sourceTree = "<group>"; };
		9F8695BF2AC2E5F70071773A /* Preview Assets.xcassets */ = {isa = PBXFileReference; lastKnownFileType = folder.assetcatalog; path = "Preview Assets.xcassets"; sourceTree = "<group>"; };
		9F8695CB2AC2FA000071773A /* Products.swift */ = {isa = PBXFileReference; lastKnownFileType = sourcecode.swift; path = Products.swift; sourceTree = "<group>"; };
		9F8695CD2AC2FAA90071773A /* NetworkingManager.swift */ = {isa = PBXFileReference; lastKnownFileType = sourcecode.swift; path = NetworkingManager.swift; sourceTree = "<group>"; };
		9F8695CF2AC2FABE0071773A /* NetworkingError.swift */ = {isa = PBXFileReference; lastKnownFileType = sourcecode.swift; path = NetworkingError.swift; sourceTree = "<group>"; };
		9F8695D12AC308AB0071773A /* ProductsListViewModel.swift */ = {isa = PBXFileReference; lastKnownFileType = sourcecode.swift; path = ProductsListViewModel.swift; sourceTree = "<group>"; };
		9F8695D32AC309FF0071773A /* ProductsRow.swift */ = {isa = PBXFileReference; lastKnownFileType = sourcecode.swift; path = ProductsRow.swift; sourceTree = "<group>"; };
		9F8695D52AC315970071773A /* ServerErrorAlert.swift */ = {isa = PBXFileReference; lastKnownFileType = sourcecode.swift; path = ServerErrorAlert.swift; sourceTree = "<group>"; };
		9F8695D72AC316D50071773A /* AlertMessage.swift */ = {isa = PBXFileReference; lastKnownFileType = sourcecode.swift; path = AlertMessage.swift; sourceTree = "<group>"; };
		9F8695D92AC320870071773A /* ProductsLoadingView.swift */ = {isa = PBXFileReference; lastKnownFileType = sourcecode.swift; path = ProductsLoadingView.swift; sourceTree = "<group>"; };
		9F8695DB2AC478630071773A /* ProductsDetailView.swift */ = {isa = PBXFileReference; lastKnownFileType = sourcecode.swift; path = ProductsDetailView.swift; sourceTree = "<group>"; };
		9F8695DE2AC94C4E0071773A /* Double.swift */ = {isa = PBXFileReference; lastKnownFileType = sourcecode.swift; path = Double.swift; sourceTree = "<group>"; };
		9F8695E02AC94F440071773A /* Int.swift */ = {isa = PBXFileReference; lastKnownFileType = sourcecode.swift; path = Int.swift; sourceTree = "<group>"; };
/* End PBXFileReference section */

/* Begin PBXFrameworksBuildPhase section */
		9F8695B22AC2E5F40071773A /* Frameworks */ = {
			isa = PBXFrameworksBuildPhase;
			buildActionMask = 2147483647;
			files = (
			);
			runOnlyForDeploymentPostprocessing = 0;
		};
/* End PBXFrameworksBuildPhase section */

/* Begin PBXGroup section */
		9F8695AC2AC2E5F40071773A = {
			isa = PBXGroup;
			children = (
				9F8695B72AC2E5F40071773A /* ProductsListSwiftUIApp */,
				9F8695B62AC2E5F40071773A /* Products */,
			);
			sourceTree = "<group>";
		};
		9F8695B62AC2E5F40071773A /* Products */ = {
			isa = PBXGroup;
			children = (
				9F8695B52AC2E5F40071773A /* ProductsListSwiftUIApp.app */,
			);
			name = Products;
			sourceTree = "<group>";
		};
		9F8695B72AC2E5F40071773A /* ProductsListSwiftUIApp */ = {
			isa = PBXGroup;
			children = (
				9F8695DD2AC94C270071773A /* Extension */,
				9F8695B82AC2E5F40071773A /* ProductsListSwiftUIApp.swift */,
				9F8695C92AC2F75F0071773A /* Presentation */,
				9F8695C82AC2F75C0071773A /* Networking */,
				9F8695C62AC2F7500071773A /* Model */,
				9F8695CA2AC2F94E0071773A /* Resources */,
				9F8695BE2AC2E5F70071773A /* Preview Content */,
			);
			path = ProductsListSwiftUIApp;
			sourceTree = "<group>";
		};
		9F8695BE2AC2E5F70071773A /* Preview Content */ = {
			isa = PBXGroup;
			children = (
				9F8695BF2AC2E5F70071773A /* Preview Assets.xcassets */,
			);
			path = "Preview Content";
			sourceTree = "<group>";
		};
		9F8695C62AC2F7500071773A /* Model */ = {
			isa = PBXGroup;
			children = (
				9F8695CB2AC2FA000071773A /* Products.swift */,
				9F8695D72AC316D50071773A /* AlertMessage.swift */,
			);
			path = Model;
			sourceTree = "<group>";
		};
		9F8695C82AC2F75C0071773A /* Networking */ = {
			isa = PBXGroup;
			children = (
				9F8695CD2AC2FAA90071773A /* NetworkingManager.swift */,
				9F8695CF2AC2FABE0071773A /* NetworkingError.swift */,
				9F8695D52AC315970071773A /* ServerErrorAlert.swift */,
			);
			path = Networking;
			sourceTree = "<group>";
		};
		9F8695C92AC2F75F0071773A /* Presentation */ = {
			isa = PBXGroup;
			children = (
				9F8695BA2AC2E5F40071773A /* ProductsListView.swift */,
				9F8695D12AC308AB0071773A /* ProductsListViewModel.swift */,
				9F8695D32AC309FF0071773A /* ProductsRow.swift */,
				9F8695D92AC320870071773A /* ProductsLoadingView.swift */,
				9F8695DB2AC478630071773A /* ProductsDetailView.swift */,
			);
			path = Presentation;
			sourceTree = "<group>";
		};
		9F8695CA2AC2F94E0071773A /* Resources */ = {
			isa = PBXGroup;
			children = (
				9F8695BC2AC2E5F70071773A /* Assets.xcassets */,
			);
			path = Resources;
			sourceTree = "<group>";
		};
		9F8695DD2AC94C270071773A /* Extension */ = {
			isa = PBXGroup;
			children = (
				9F8695DE2AC94C4E0071773A /* Double.swift */,
				9F8695E02AC94F440071773A /* Int.swift */,
			);
			path = Extension;
			sourceTree = "<group>";
		};
/* End PBXGroup section */

/* Begin PBXNativeTarget section */
		9F8695B42AC2E5F40071773A /* ProductsListSwiftUIApp */ = {
			isa = PBXNativeTarget;
			buildConfigurationList = 9F8695C32AC2E5F70071773A /* Build configuration list for PBXNativeTarget "ProductsListSwiftUIApp" */;
			buildPhases = (
				9F8695B12AC2E5F40071773A /* Sources */,
				9F8695B22AC2E5F40071773A /* Frameworks */,
				9F8695B32AC2E5F40071773A /* Resources */,
			);
			buildRules = (
			);
			dependencies = (
			);
			name = ProductsListSwiftUIApp;
			productName = PhoneMarket;
			productReference = 9F8695B52AC2E5F40071773A /* ProductsListSwiftUIApp.app */;
			productType = "com.apple.product-type.application";
		};
/* End PBXNativeTarget section */

/* Begin PBXProject section */
		9F8695AD2AC2E5F40071773A /* Project object */ = {
			isa = PBXProject;
			attributes = {
				BuildIndependentTargetsInParallel = 1;
				LastSwiftUpdateCheck = 1430;
				LastUpgradeCheck = 1430;
				TargetAttributes = {
					9F8695B42AC2E5F40071773A = {
						CreatedOnToolsVersion = 14.3.1;
					};
				};
			};
			buildConfigurationList = 9F8695B02AC2E5F40071773A /* Build configuration list for PBXProject "ProductsListSwiftUIApp" */;
			compatibilityVersion = "Xcode 14.0";
			developmentRegion = en;
			hasScannedForEncodings = 0;
			knownRegions = (
				en,
				Base,
			);
			mainGroup = 9F8695AC2AC2E5F40071773A;
			productRefGroup = 9F8695B62AC2E5F40071773A /* Products */;
			projectDirPath = "";
			projectRoot = "";
			targets = (
				9F8695B42AC2E5F40071773A /* ProductsListSwiftUIApp */,
			);
		};
/* End PBXProject section */

/* Begin PBXResourcesBuildPhase section */
		9F8695B32AC2E5F40071773A /* Resources */ = {
			isa = PBXResourcesBuildPhase;
			buildActionMask = 2147483647;
			files = (
				9F8695C02AC2E5F70071773A /* Preview Assets.xcassets in Resources */,
				9F8695BD2AC2E5F70071773A /* Assets.xcassets in Resources */,
			);
			runOnlyForDeploymentPostprocessing = 0;
		};
/* End PBXResourcesBuildPhase section */

/* Begin PBXSourcesBuildPhase section */
		9F8695B12AC2E5F40071773A /* Sources */ = {
			isa = PBXSourcesBuildPhase;
			buildActionMask = 2147483647;
			files = (
				9F8695BB2AC2E5F40071773A /* ProductsListView.swift in Sources */,
				9F8695E12AC94F440071773A /* Int.swift in Sources */,
				9F8695D82AC316D50071773A /* AlertMessage.swift in Sources */,
				9F8695CE2AC2FAA90071773A /* NetworkingManager.swift in Sources */,
				9F8695DA2AC320870071773A /* ProductsLoadingView.swift in Sources */,
				9F8695CC2AC2FA000071773A /* Products.swift in Sources */,
				9F8695B92AC2E5F40071773A /* ProductsListSwiftUIApp.swift in Sources */,
				9F8695D02AC2FABE0071773A /* NetworkingError.swift in Sources */,
				9F8695D62AC315970071773A /* ServerErrorAlert.swift in Sources */,
				9F8695D22AC308AB0071773A /* ProductsListViewModel.swift in Sources */,
				9F8695D42AC309FF0071773A /* ProductsRow.swift in Sources */,
				9F8695DF2AC94C4E0071773A /* Double.swift in Sources */,
				9F8695DC2AC478630071773A /* ProductsDetailView.swift in Sources */,
			);
			runOnlyForDeploymentPostprocessing = 0;
		};
/* End PBXSourcesBuildPhase section */

/* Begin XCBuildConfiguration section */
		9F8695C12AC2E5F70071773A /* Debug */ = {
			isa = XCBuildConfiguration;
			buildSettings = {
				ALWAYS_SEARCH_USER_PATHS = NO;
				CLANG_ANALYZER_NONNULL = YES;
				CLANG_ANALYZER_NUMBER_OBJECT_CONVERSION = YES_AGGRESSIVE;
				CLANG_CXX_LANGUAGE_STANDARD = "gnu++20";
				CLANG_ENABLE_MODULES = YES;
				CLANG_ENABLE_OBJC_ARC = YES;
				CLANG_ENABLE_OBJC_WEAK = YES;
				CLANG_WARN_BLOCK_CAPTURE_AUTORELEASING = YES;
				CLANG_WARN_BOOL_CONVERSION = YES;
				CLANG_WARN_COMMA = YES;
				CLANG_WARN_CONSTANT_CONVERSION = YES;
				CLANG_WARN_DEPRECATED_OBJC_IMPLEMENTATIONS = YES;
				CLANG_WARN_DIRECT_OBJC_ISA_USAGE = YES_ERROR;
				CLANG_WARN_DOCUMENTATION_COMMENTS = YES;
				CLANG_WARN_EMPTY_BODY = YES;
				CLANG_WARN_ENUM_CONVERSION = YES;
				CLANG_WARN_INFINITE_RECURSION = YES;
				CLANG_WARN_INT_CONVERSION = YES;
				CLANG_WARN_NON_LITERAL_NULL_CONVERSION = YES;
				CLANG_WARN_OBJC_IMPLICIT_RETAIN_SELF = YES;
				CLANG_WARN_OBJC_LITERAL_CONVERSION = YES;
				CLANG_WARN_OBJC_ROOT_CLASS = YES_ERROR;
				CLANG_WARN_QUOTED_INCLUDE_IN_FRAMEWORK_HEADER = YES;
				CLANG_WARN_RANGE_LOOP_ANALYSIS = YES;
				CLANG_WARN_STRICT_PROTOTYPES = YES;
				CLANG_WARN_SUSPICIOUS_MOVE = YES;
				CLANG_WARN_UNGUARDED_AVAILABILITY = YES_AGGRESSIVE;
				CLANG_WARN_UNREACHABLE_CODE = YES;
				CLANG_WARN__DUPLICATE_METHOD_MATCH = YES;
				COPY_PHASE_STRIP = NO;
				DEBUG_INFORMATION_FORMAT = dwarf;
				ENABLE_STRICT_OBJC_MSGSEND = YES;
				ENABLE_TESTABILITY = YES;
				GCC_C_LANGUAGE_STANDARD = gnu11;
				GCC_DYNAMIC_NO_PIC = NO;
				GCC_NO_COMMON_BLOCKS = YES;
				GCC_OPTIMIZATION_LEVEL = 0;
				GCC_PREPROCESSOR_DEFINITIONS = (
					"DEBUG=1",
					"$(inherited)",
				);
				GCC_WARN_64_TO_32_BIT_CONVERSION = YES;
				GCC_WARN_ABOUT_RETURN_TYPE = YES_ERROR;
				GCC_WARN_UNDECLARED_SELECTOR = YES;
				GCC_WARN_UNINITIALIZED_AUTOS = YES_AGGRESSIVE;
				GCC_WARN_UNUSED_FUNCTION = YES;
				GCC_WARN_UNUSED_VARIABLE = YES;
				IPHONEOS_DEPLOYMENT_TARGET = 16.4;
				MTL_ENABLE_DEBUG_INFO = INCLUDE_SOURCE;
				MTL_FAST_MATH = YES;
				ONLY_ACTIVE_ARCH = YES;
				SDKROOT = iphoneos;
				SWIFT_ACTIVE_COMPILATION_CONDITIONS = DEBUG;
				SWIFT_OPTIMIZATION_LEVEL = "-Onone";
			};
			name = Debug;
		};
		9F8695C22AC2E5F70071773A /* Release */ = {
			isa = XCBuildConfiguration;
			buildSettings = {
				ALWAYS_SEARCH_USER_PATHS = NO;
				CLANG_ANALYZER_NONNULL = YES;
				CLANG_ANALYZER_NUMBER_OBJECT_CONVERSION = YES_AGGRESSIVE;
				CLANG_CXX_LANGUAGE_STANDARD = "gnu++20";
				CLANG_ENABLE_MODULES = YES;
				CLANG_ENABLE_OBJC_ARC = YES;
				CLANG_ENABLE_OBJC_WEAK = YES;
				CLANG_WARN_BLOCK_CAPTURE_AUTORELEASING = YES;
				CLANG_WARN_BOOL_CONVERSION = YES;
				CLANG_WARN_COMMA = YES;
				CLANG_WARN_CONSTANT_CONVERSION = YES;
				CLANG_WARN_DEPRECATED_OBJC_IMPLEMENTATIONS = YES;
				CLANG_WARN_DIRECT_OBJC_ISA_USAGE = YES_ERROR;
				CLANG_WARN_DOCUMENTATION_COMMENTS = YES;
				CLANG_WARN_EMPTY_BODY = YES;
				CLANG_WARN_ENUM_CONVERSION = YES;
				CLANG_WARN_INFINITE_RECURSION = YES;
				CLANG_WARN_INT_CONVERSION = YES;
				CLANG_WARN_NON_LITERAL_NULL_CONVERSION = YES;
				CLANG_WARN_OBJC_IMPLICIT_RETAIN_SELF = YES;
				CLANG_WARN_OBJC_LITERAL_CONVERSION = YES;
				CLANG_WARN_OBJC_ROOT_CLASS = YES_ERROR;
				CLANG_WARN_QUOTED_INCLUDE_IN_FRAMEWORK_HEADER = YES;
				CLANG_WARN_RANGE_LOOP_ANALYSIS = YES;
				CLANG_WARN_STRICT_PROTOTYPES = YES;
				CLANG_WARN_SUSPICIOUS_MOVE = YES;
				CLANG_WARN_UNGUARDED_AVAILABILITY = YES_AGGRESSIVE;
				CLANG_WARN_UNREACHABLE_CODE = YES;
				CLANG_WARN__DUPLICATE_METHOD_MATCH = YES;
				COPY_PHASE_STRIP = NO;
				DEBUG_INFORMATION_FORMAT = "dwarf-with-dsym";
				ENABLE_NS_ASSERTIONS = NO;
				ENABLE_STRICT_OBJC_MSGSEND = YES;
				GCC_C_LANGUAGE_STANDARD = gnu11;
				GCC_NO_COMMON_BLOCKS = YES;
				GCC_WARN_64_TO_32_BIT_CONVERSION = YES;
				GCC_WARN_ABOUT_RETURN_TYPE = YES_ERROR;
				GCC_WARN_UNDECLARED_SELECTOR = YES;
				GCC_WARN_UNINITIALIZED_AUTOS = YES_AGGRESSIVE;
				GCC_WARN_UNUSED_FUNCTION = YES;
				GCC_WARN_UNUSED_VARIABLE = YES;
				IPHONEOS_DEPLOYMENT_TARGET = 16.4;
				MTL_ENABLE_DEBUG_INFO = NO;
				MTL_FAST_MATH = YES;
				SDKROOT = iphoneos;
				SWIFT_COMPILATION_MODE = wholemodule;
				SWIFT_OPTIMIZATION_LEVEL = "-O";
				VALIDATE_PRODUCT = YES;
			};
			name = Release;
		};
		9F8695C42AC2E5F70071773A /* Debug */ = {
			isa = XCBuildConfiguration;
			buildSettings = {
				ASSETCATALOG_COMPILER_APPICON_NAME = AppIcon;
				ASSETCATALOG_COMPILER_GLOBAL_ACCENT_COLOR_NAME = AccentColor;
				CODE_SIGN_STYLE = Automatic;
				CURRENT_PROJECT_VERSION = 1;
				DEVELOPMENT_ASSET_PATHS = "";
				ENABLE_PREVIEWS = YES;
				GENERATE_INFOPLIST_FILE = YES;
				INFOPLIST_KEY_UIApplicationSceneManifest_Generation = YES;
				INFOPLIST_KEY_UIApplicationSupportsIndirectInputEvents = YES;
				INFOPLIST_KEY_UILaunchScreen_Generation = YES;
				INFOPLIST_KEY_UISupportedInterfaceOrientations_iPad = "UIInterfaceOrientationPortrait UIInterfaceOrientationPortraitUpsideDown UIInterfaceOrientationLandscapeLeft UIInterfaceOrientationLandscapeRight";
				INFOPLIST_KEY_UISupportedInterfaceOrientations_iPhone = "UIInterfaceOrientationPortrait UIInterfaceOrientationLandscapeLeft UIInterfaceOrientationLandscapeRight";
				LD_RUNPATH_SEARCH_PATHS = (
					"$(inherited)",
					"@executable_path/Frameworks",
				);
				MARKETING_VERSION = 1.0;
				PRODUCT_BUNDLE_IDENTIFIER = none.PhoneMarket;
				PRODUCT_NAME = "$(TARGET_NAME)";
				SWIFT_EMIT_LOC_STRINGS = YES;
				SWIFT_VERSION = 5.0;
				TARGETED_DEVICE_FAMILY = "1,2";
			};
			name = Debug;
		};
		9F8695C52AC2E5F70071773A /* Release */ = {
			isa = XCBuildConfiguration;
			buildSettings = {
				ASSETCATALOG_COMPILER_APPICON_NAME = AppIcon;
				ASSETCATALOG_COMPILER_GLOBAL_ACCENT_COLOR_NAME = AccentColor;
				CODE_SIGN_STYLE = Automatic;
				CURRENT_PROJECT_VERSION = 1;
				DEVELOPMENT_ASSET_PATHS = "";
				ENABLE_PREVIEWS = YES;
				GENERATE_INFOPLIST_FILE = YES;
				INFOPLIST_KEY_UIApplicationSceneManifest_Generation = YES;
				INFOPLIST_KEY_UIApplicationSupportsIndirectInputEvents = YES;
				INFOPLIST_KEY_UILaunchScreen_Generation = YES;
				INFOPLIST_KEY_UISupportedInterfaceOrientations_iPad = "UIInterfaceOrientationPortrait UIInterfaceOrientationPortraitUpsideDown UIInterfaceOrientationLandscapeLeft UIInterfaceOrientationLandscapeRight";
				INFOPLIST_KEY_UISupportedInterfaceOrientations_iPhone = "UIInterfaceOrientationPortrait UIInterfaceOrientationLandscapeLeft UIInterfaceOrientationLandscapeRight";
				LD_RUNPATH_SEARCH_PATHS = (
					"$(inherited)",
					"@executable_path/Frameworks",
				);
				MARKETING_VERSION = 1.0;
				PRODUCT_BUNDLE_IDENTIFIER = none.PhoneMarket;
				PRODUCT_NAME = "$(TARGET_NAME)";
				SWIFT_EMIT_LOC_STRINGS = YES;
				SWIFT_VERSION = 5.0;
				TARGETED_DEVICE_FAMILY = "1,2";
			};
			name = Release;
		};
/* End XCBuildConfiguration section */

/* Begin XCConfigurationList section */
		9F8695B02AC2E5F40071773A /* Build configuration list for PBXProject "ProductsListSwiftUIApp" */ = {
			isa = XCConfigurationList;
			buildConfigurations = (
				9F8695C12AC2E5F70071773A /* Debug */,
				9F8695C22AC2E5F70071773A /* Release */,
			);
			defaultConfigurationIsVisible = 0;
			defaultConfigurationName = Release;
		};
		9F8695C32AC2E5F70071773A /* Build configuration list for PBXNativeTarget "ProductsListSwiftUIApp" */ = {
			isa = XCConfigurationList;
			buildConfigurations = (
				9F8695C42AC2E5F70071773A /* Debug */,
				9F8695C52AC2E5F70071773A /* Release */,
			);
			defaultConfigurationIsVisible = 0;
			defaultConfigurationName = Release;
		};
/* End XCConfigurationList section */
	};
	rootObject = 9F8695AD2AC2E5F40071773A /* Project object */;
}
